# This file is automatically @generated by Cargo.
# It is not intended for manual editing.
version = 4

[[package]]
name = "game_board"
version = "1.0.2"
source = "registry+https://github.com/rust-lang/crates.io-index"
checksum = "c656dec8ce55b880ed9df831a2d92e320c98ca87d70a457019a1aa25691d7666"

[[package]]
name = "simple_chess"
version = "1.0.3"
dependencies = [
 "game_board",
]
