# This file is automatically @generated by Cargo.
# It is not intended for manual editing.
version = 3

[[package]]
name = "game_board"
version = "1.0.1"
source = "registry+https://github.com/rust-lang/crates.io-index"
checksum = "4fed633a9d514f8fd9ec3da072ff268d45214ef28f91ec02408bacbe39ea86eb"

[[package]]
name = "simple_chess"
version = "1.0.2"
dependencies = [
 "game_board",
]
